
Microsoft Visual Studio Solution File, Format Version 12.00
# Visual Studio Version 17
VisualStudioVersion = 17.14.37027.9 d17.14
MinimumVisualStudioVersion = 10.0.40219.1
Project("{FAE04EC0-301F-11D3-BF4B-00C04F79EFBC}") = "LINQSession1", "LINQSession1.csproj", "{5131F408-E4CB-40E3-BBB1-DCAF831FF5BF}"
EndProject
Global
	GlobalSection(SolutionConfigurationPlatforms) = preSolution
		Debug|Any CPU = Debug|Any CPU
		Release|Any CPU = Release|Any CPU
	EndGlobalSection
	GlobalSection(ProjectConfigurationPlatforms) = postSolution
		{5131F408-E4CB-40E3-BBB1-DCAF831FF5BF}.Debug|Any CPU.ActiveCfg = Debug|Any CPU
		{5131F408-E4CB-40E3-BBB1-DCAF831FF5BF}.Debug|Any CPU.Build.0 = Debug|Any CPU
		{5131F408-E4CB-40E3-BBB1-DCAF831FF5BF}.Release|Any CPU.ActiveCfg = Release|Any CPU
		{5131F408-E4CB-40E3-BBB1-DCAF831FF5BF}.Release|Any CPU.Build.0 = Release|Any CPU
	EndGlobalSection
	GlobalSection(SolutionProperties) = preSolution
		HideSolutionNode = FALSE
	EndGlobalSection
	GlobalSection(ExtensibilityGlobals) = postSolution
		SolutionGuid = {FC0DBA34-EEC9-458E-BFE1-28B90BC4119C}
	EndGlobalSection
EndGlobal
